PODS:
  - EasyNotificationBadge (1.2.5)
  - InitialsImageView (0.7.0)
  - SwipeableTabBarController (3.4.2)

DEPENDENCIES:
  - EasyNotificationBadge
  - InitialsImageView
  - SwipeableTabBarController

SPEC REPOS:
  trunk:
    - EasyNotificationBadge
    - InitialsImageView
    - SwipeableTabBarController

SPEC CHECKSUMS:
  EasyNotificationBadge: a3ebbcb1de0c0558e102e954380c75801f352702
  InitialsImageView: 7a416d36fc6df5434198664db28a3ffb0228426d
  SwipeableTabBarController: 9a218bdee9426d1bfe36d7962f852024bb08d61b

PODFILE CHECKSUM: b12fb4a56fe0bc7746ec465cf8cbf696c76ee99b

COCOAPODS: 1.11.2
